// !$*UTF8*$!
{
	archiveVersion = 1;
	classes = {
	};
	objectVersion = 46;
	objects = {

/* Begin PBXBuildFile section */
		4C455D411AE84770002E9A96 /* AppDelegate.m in Sources */ = {isa = PBXBuildFile; fileRef = 4C455D401AE84770002E9A96 /* AppDelegate.m */; };
		4C455D431AE84770002E9A96 /* main.m in Sources */ = {isa = PBXBuildFile; fileRef = 4C455D421AE84770002E9A96 /* main.m */; };
		4C455D451AE84770002E9A96 /* Images.xcassets in Resources */ = {isa = PBXBuildFile; fileRef = 4C455D441AE84770002E9A96 /* Images.xcassets */; };
		4C455D481AE84770002E9A96 /* MainMenu.xib in Resources */ = {isa = PBXBuildFile; fileRef = 4C455D461AE84770002E9A96 /* MainMenu.xib */; };
		4C455D541AE84770002E9A96 /* TelepathyTests.m in Sources */ = {isa = PBXBuildFile; fileRef = 4C455D531AE84770002E9A96 /* TelepathyTests.m */; };
/* End PBXBuildFile section */

/* Begin PBXContainerItemProxy section */
		4C455D4E1AE84770002E9A96 /* PBXContainerItemProxy */ = {
			isa = PBXContainerItemProxy;
			containerPortal = 4C455D321AE84770002E9A96 /* Project object */;
			proxyType = 1;
			remoteGlobalIDString = 4C455D391AE84770002E9A96;
			remoteInfo = Telepathy;
		};
/* End PBXContainerItemProxy section */

/* Begin PBXFileReference section */
		4C455D3A1AE84770002E9A96 /* Telepathy.app */ = {isa = PBXFileReference; explicitFileType = wrapper.application; includeInIndex = 0; path = Telepathy.app; sourceTree = BUILT_PRODUCTS_DIR; };
		4C455D3E1AE84770002E9A96 /* Info.plist */ = {isa = PBXFileReference; lastKnownFileType = text.plist.xml; path = Info.plist; sourceTree = "<group>"; };
		4C455D3F1AE84770002E9A96 /* AppDelegate.h */ = {isa = PBXFileReference; lastKnownFileType = sourcecode.c.h; path = AppDelegate.h; sourceTree = "<group>"; };
		4C455D401AE84770002E9A96 /* AppDelegate.m */ = {isa = PBXFileReference; lastKnownFileType = sourcecode.c.objc; path = AppDelegate.m; sourceTree = "<group>"; };
		4C455D421AE84770002E9A96 /* main.m */ = {isa = PBXFileReference; lastKnownFileType = sourcecode.c.objc; path = main.m; sourceTree = "<group>"; };
		4C455D441AE84770002E9A96 /* Images.xcassets */ = {isa = PBXFileReference; lastKnownFileType = folder.assetcatalog; path = Images.xcassets; sourceTree = "<group>"; };
		4C455D471AE84770002E9A96 /* Base */ = {isa = PBXFileReference; lastKnownFileType = file.xib; name = Base; path = Base.lproj/MainMenu.xib; sourceTree = "<group>"; };
		4C455D4D1AE84770002E9A96 /* TelepathyTests.xctest */ = {isa = PBXFileReference; explicitFileType = wrapper.cfbundle; includeInIndex = 0; path = TelepathyTests.xctest; sourceTree = BUILT_PRODUCTS_DIR; };
		4C455D521AE84770002E9A96 /* Info.plist */ = {isa = PBXFileReference; lastKnownFileType = text.plist.xml; path = Info.plist; sourceTree = "<group>"; };
		4C455D531AE84770002E9A96 /* TelepathyTests.m */ = {isa = PBXFileReference; lastKnownFileType = sourcecode.c.objc; path = TelepathyTests.m; sourceTree = "<group>"; };
/* End PBXFileReference section */

/* Begin PBXFrameworksBuildPhase section */
		4C455D371AE84770002E9A96 /* Frameworks */ = {
			isa = PBXFrameworksBuildPhase;
			buildActionMask = 2147483647;
			files = (
			);
			runOnlyForDeploymentPostprocessing = 0;
		};
		4C455D4A1AE84770002E9A96 /* Frameworks */ = {
			isa = PBXFrameworksBuildPhase;
			buildActionMask = 2147483647;
			files = (
			);
			runOnlyForDeploymentPostprocessing = 0;
		};
/* End PBXFrameworksBuildPhase section */

/* Begin PBXGroup section */
		4C455D311AE84770002E9A96 = {
			isa = PBXGroup;
			children = (
				4C455D3C1AE84770002E9A96 /* Telepathy */,
				4C455D501AE84770002E9A96 /* TelepathyTests */,
				4C455D3B1AE84770002E9A96 /* Products */,
			);
			sourceTree = "<group>";
		};
		4C455D3B1AE84770002E9A96 /* Products */ = {
			isa = PBXGroup;
			children = (
				4C455D3A1AE84770002E9A96 /* Telepathy.app */,
				4C455D4D1AE84770002E9A96 /* TelepathyTests.xctest */,
			);
			name = Products;
			sourceTree = "<group>";
		};
		4C455D3C1AE84770002E9A96 /* Telepathy */ = {
			isa = PBXGroup;
			children = (
				4C455D3F1AE84770002E9A96 /* AppDelegate.h */,
				4C455D401AE84770002E9A96 /* AppDelegate.m */,
				4C455D441AE84770002E9A96 /* Images.xcassets */,
				4C455D461AE84770002E9A96 /* MainMenu.xib */,
				4C455D3D1AE84770002E9A96 /* Supporting Files */,
			);
			path = Telepathy;
			sourceTree = "<group>";
		};
		4C455D3D1AE84770002E9A96 /* Supporting Files */ = {
			isa = PBXGroup;
			children = (
				4C455D3E1AE84770002E9A96 /* Info.plist */,
				4C455D421AE84770002E9A96 /* main.m */,
			);
			name = "Supporting Files";
			sourceTree = "<group>";
		};
		4C455D501AE84770002E9A96 /* TelepathyTests */ = {
			isa = PBXGroup;
			children = (
				4C455D531AE84770002E9A96 /* TelepathyTests.m */,
				4C455D511AE84770002E9A96 /* Supporting Files */,
			);
			path = TelepathyTests;
			sourceTree = "<group>";
		};
		4C455D511AE84770002E9A96 /* Supporting Files */ = {
			isa = PBXGroup;
			children = (
				4C455D521AE84770002E9A96 /* Info.plist */,
			);
			name = "Supporting Files";
			sourceTree = "<group>";
		};
/* End PBXGroup section */

/* Begin PBXNativeTarget section */
		4C455D391AE84770002E9A96 /* Telepathy */ = {
			isa = PBXNativeTarget;
			buildConfigurationList = 4C455D571AE84770002E9A96 /* Build configuration list for PBXNativeTarget "Telepathy" */;
			buildPhases = (
				4C455D361AE84770002E9A96 /* Sources */,
				4C455D371AE84770002E9A96 /* Frameworks */,
				4C455D381AE84770002E9A96 /* Resources */,
			);
			buildRules = (
			);
			dependencies = (
			);
			name = Telepathy;
			productName = Telepathy;
			productReference = 4C455D3A1AE84770002E9A96 /* Telepathy.app */;
			productType = "com.apple.product-type.application";
		};
		4C455D4C1AE84770002E9A96 /* TelepathyTests */ = {
			isa = PBXNativeTarget;
			buildConfigurationList = 4C455D5A1AE84770002E9A96 /* Build configuration list for PBXNativeTarget "TelepathyTests" */;
			buildPhases = (
				4C455D491AE84770002E9A96 /* Sources */,
				4C455D4A1AE84770002E9A96 /* Frameworks */,
				4C455D4B1AE84770002E9A96 /* Resources */,
			);
			buildRules = (
			);
			dependencies = (
				4C455D4F1AE84770002E9A96 /* PBXTargetDependency */,
			);
			name = TelepathyTests;
			productName = TelepathyTests;
			productReference = 4C455D4D1AE84770002E9A96 /* TelepathyTests.xctest */;
			productType = "com.apple.product-type.bundle.unit-test";
		};
/* End PBXNativeTarget section */

/* Begin PBXProject section */
		4C455D321AE84770002E9A96 /* Project object */ = {
			isa = PBXProject;
			attributes = {
				LastUpgradeCheck = 0630;
				ORGANIZATIONNAME = "Michael Hong";
				TargetAttributes = {
					4C455D391AE84770002E9A96 = {
						CreatedOnToolsVersion = 6.3.1;
					};
					4C455D4C1AE84770002E9A96 = {
						CreatedOnToolsVersion = 6.3.1;
						TestTargetID = 4C455D391AE84770002E9A96;
					};
				};
			};
			buildConfigurationList = 4C455D351AE84770002E9A96 /* Build configuration list for PBXProject "Telepathy" */;
			compatibilityVersion = "Xcode 3.2";
			developmentRegion = English;
			hasScannedForEncodings = 0;
			knownRegions = (
				en,
				Base,
			);
			mainGroup = 4C455D311AE84770002E9A96;
			productRefGroup = 4C455D3B1AE84770002E9A96 /* Products */;
			projectDirPath = "";
			projectRoot = "";
			targets = (
				4C455D391AE84770002E9A96 /* Telepathy */,
				4C455D4C1AE84770002E9A96 /* TelepathyTests */,
			);
		};
/* End PBXProject section */

/* Begin PBXResourcesBuildPhase section */
		4C455D381AE84770002E9A96 /* Resources */ = {
			isa = PBXResourcesBuildPhase;
			buildActionMask = 2147483647;
			files = (
				4C455D451AE84770002E9A96 /* Images.xcassets in Resources */,
				4C455D481AE84770002E9A96 /* MainMenu.xib in Resources */,
			);
			runOnlyForDeploymentPostprocessing = 0;
		};
		4C455D4B1AE84770002E9A96 /* Resources */ = {
			isa = PBXResourcesBuildPhase;
			buildActionMask = 2147483647;
			files = (
			);
			runOnlyForDeploymentPostprocessing = 0;
		};
/* End PBXResourcesBuildPhase section */

/* Begin PBXSourcesBuildPhase section */
		4C455D361AE84770002E9A96 /* Sources */ = {
			isa = PBXSourcesBuildPhase;
			buildActionMask = 2147483647;
			files = (
				4C455D431AE84770002E9A96 /* main.m in Sources */,
				4C455D411AE84770002E9A96 /* AppDelegate.m in Sources */,
			);
			runOnlyForDeploymentPostprocessing = 0;
		};
		4C455D491AE84770002E9A96 /* Sources */ = {
			isa = PBXSourcesBuildPhase;
			buildActionMask = 2147483647;
			files = (
				4C455D541AE84770002E9A96 /* TelepathyTests.m in Sources */,
			);
			runOnlyForDeploymentPostprocessing = 0;
		};
/* End PBXSourcesBuildPhase section */

/* Begin PBXTargetDependency section */
		4C455D4F1AE84770002E9A96 /* PBXTargetDependency */ = {
			isa = PBXTargetDependency;
			target = 4C455D391AE84770002E9A96 /* Telepathy */;
			targetProxy = 4C455D4E1AE84770002E9A96 /* PBXContainerItemProxy */;
		};
/* End PBXTargetDependency section */

/* Begin PBXVariantGroup section */
		4C455D461AE84770002E9A96 /* MainMenu.xib */ = {
			isa = PBXVariantGroup;
			children = (
				4C455D471AE84770002E9A96 /* Base */,
			);
			name = MainMenu.xib;
			sourceTree = "<group>";
		};
/* End PBXVariantGroup section */

/* Begin XCBuildConfiguration section */
		4C455D551AE84770002E9A96 /* Debug */ = {
			isa = XCBuildConfiguration;
			buildSettings = {
				ALWAYS_SEARCH_USER_PATHS = NO;
				CLANG_CXX_LANGUAGE_STANDARD = "gnu++0x";
				CLANG_CXX_LIBRARY = "libc++";
				CLANG_ENABLE_MODULES = YES;
				CLANG_ENABLE_OBJC_ARC = YES;
				CLANG_WARN_BOOL_CONVERSION = YES;
				CLANG_WARN_CONSTANT_CONVERSION = YES;
				CLANG_WARN_DIRECT_OBJC_ISA_USAGE = YES_ERROR;
				CLANG_WARN_EMPTY_BODY = YES;
				CLANG_WARN_ENUM_CONVERSION = YES;
				CLANG_WARN_INT_CONVERSION = YES;
				CLANG_WARN_OBJC_ROOT_CLASS = YES_ERROR;
				CLANG_WARN_UNREACHABLE_CODE = YES;
				CLANG_WARN__DUPLICATE_METHOD_MATCH = YES;
				CODE_SIGN_IDENTITY = "-";
				COPY_PHASE_STRIP = NO;
				DEBUG_INFORMATION_FORMAT = dwarf;
				ENABLE_STRICT_OBJC_MSGSEND = YES;
				GCC_C_LANGUAGE_STANDARD = gnu99;
				GCC_DYNAMIC_NO_PIC = NO;
				GCC_NO_COMMON_BLOCKS = YES;
				GCC_OPTIMIZATION_LEVEL = 0;
				GCC_PREPROCESSOR_DEFINITIONS = (
					"DEBUG=1",
					"$(inherited)",
				);
				GCC_SYMBOLS_PRIVATE_EXTERN = NO;
				GCC_WARN_64_TO_32_BIT_CONVERSION = YES;
				GCC_WARN_ABOUT_RETURN_TYPE = YES_ERROR;
				GCC_WARN_UNDECLARED_SELECTOR = YES;
				GCC_WARN_UNINITIALIZED_AUTOS = YES_AGGRESSIVE;
				GCC_WARN_UNUSED_FUNCTION = YES;
				GCC_WARN_UNUSED_VARIABLE = YES;
				MACOSX_DEPLOYMENT_TARGET = 10.10;
				MTL_ENABLE_DEBUG_INFO = YES;
				ONLY_ACTIVE_ARCH = YES;
				SDKROOT = macosx;
			};
			name = Debug;
		};
		4C455D561AE84770002E9A96 /* Release */ = {
			isa = XCBuildConfiguration;
			buildSettings = {
				ALWAYS_SEARCH_USER_PATHS = NO;
				CLANG_CXX_LANGUAGE_STANDARD = "gnu++0x";
				CLANG_CXX_LIBRARY = "libc++";
				CLANG_ENABLE_MODULES = YES;
				CLANG_ENABLE_OBJC_ARC = YES;
				CLANG_WARN_BOOL_CONVERSION = YES;
				CLANG_WARN_CONSTANT_CONVERSION = YES;
				CLANG_WARN_DIRECT_OBJC_ISA_USAGE = YES_ERROR;
				CLANG_WARN_EMPTY_BODY = YES;
				CLANG_WARN_ENUM_CONVERSION = YES;
				CLANG_WARN_INT_CONVERSION = YES;
				CLANG_WARN_OBJC_ROOT_CLASS = YES_ERROR;
				CLANG_WARN_UNREACHABLE_CODE = YES;
				CLANG_WARN__DUPLICATE_METHOD_MATCH = YES;
				CODE_SIGN_IDENTITY = "-";
				COPY_PHASE_STRIP = NO;
				DEBUG_INFORMATION_FORMAT = "dwarf-with-dsym";
				ENABLE_NS_ASSERTIONS = NO;
				ENABLE_STRICT_OBJC_MSGSEND = YES;
				GCC_C_LANGUAGE_STANDARD = gnu99;
				GCC_NO_COMMON_BLOCKS = YES;
				GCC_WARN_64_TO_32_BIT_CONVERSION = YES;
				GCC_WARN_ABOUT_RETURN_TYPE = YES_ERROR;
				GCC_WARN_UNDECLARED_SELECTOR = YES;
				GCC_WARN_UNINITIALIZED_AUTOS = YES_AGGRESSIVE;
				GCC_WARN_UNUSED_FUNCTION = YES;
				GCC_WARN_UNUSED_VARIABLE = YES;
				MACOSX_DEPLOYMENT_TARGET = 10.10;
				MTL_ENABLE_DEBUG_INFO = NO;
				SDKROOT = macosx;
			};
			name = Release;
		};
		4C455D581AE84770002E9A96 /* Debug */ = {
			isa = XCBuildConfiguration;
			buildSettings = {
				ASSETCATALOG_COMPILER_APPICON_NAME = AppIcon;
				COMBINE_HIDPI_IMAGES = YES;
				INFOPLIST_FILE = Telepathy/Info.plist;
				LD_RUNPATH_SEARCH_PATHS = "$(inherited) @executable_path/../Frameworks";
				PRODUCT_NAME = "$(TARGET_NAME)";
			};
			name = Debug;
		};
		4C455D591AE84770002E9A96 /* Release */ = {
			isa = XCBuildConfiguration;
			buildSettings = {
				ASSETCATALOG_COMPILER_APPICON_NAME = AppIcon;
				COMBINE_HIDPI_IMAGES = YES;
				INFOPLIST_FILE = Telepathy/Info.plist;
				LD_RUNPATH_SEARCH_PATHS = "$(inherited) @executable_path/../Frameworks";
				PRODUCT_NAME = "$(TARGET_NAME)";
			};
			name = Release;
		};
		4C455D5B1AE84770002E9A96 /* Debug */ = {
			isa = XCBuildConfiguration;
			buildSettings = {
				BUNDLE_LOADER = "$(TEST_HOST)";
				COMBINE_HIDPI_IMAGES = YES;
				FRAMEWORK_SEARCH_PATHS = (
					"$(DEVELOPER_FRAMEWORKS_DIR)",
					"$(inherited)",
				);
				GCC_PREPROCESSOR_DEFINITIONS = (
					"DEBUG=1",
					"$(inherited)",
				);
				INFOPLIST_FILE = TelepathyTests/Info.plist;
				LD_RUNPATH_SEARCH_PATHS = "$(inherited) @executable_path/../Frameworks @loader_path/../Frameworks";
				PRODUCT_NAME = "$(TARGET_NAME)";
				TEST_HOST = "$(BUILT_PRODUCTS_DIR)/Telepathy.app/Contents/MacOS/Telepathy";
			};
			name = Debug;
		};
		4C455D5C1AE84770002E9A96 /* Release */ = {
			isa = XCBuildConfiguration;
			buildSettings = {
				BUNDLE_LOADER = "$(TEST_HOST)";
				COMBINE_HIDPI_IMAGES = YES;
				FRAMEWORK_SEARCH_PATHS = (
					"$(DEVELOPER_FRAMEWORKS_DIR)",
					"$(inherited)",
				);
				INFOPLIST_FILE = TelepathyTests/Info.plist;
				LD_RUNPATH_SEARCH_PATHS = "$(inherited) @executable_path/../Frameworks @loader_path/../Frameworks";
				PRODUCT_NAME = "$(TARGET_NAME)";
				TEST_HOST = "$(BUILT_PRODUCTS_DIR)/Telepathy.app/Contents/MacOS/Telepathy";
			};
			name = Release;
		};
/* End XCBuildConfiguration section */

/* Begin XCConfigurationList section */
		4C455D351AE84770002E9A96 /* Build configuration list for PBXProject "Telepathy" */ = {
			isa = XCConfigurationList;
			buildConfigurations = (
				4C455D551AE84770002E9A96 /* Debug */,
				4C455D561AE84770002E9A96 /* Release */,
			);
			defaultConfigurationIsVisible = 0;
			defaultConfigurationName = Release;
		};
		4C455D571AE84770002E9A96 /* Build configuration list for PBXNativeTarget "Telepathy" */ = {
			isa = XCConfigurationList;
			buildConfigurations = (
				4C455D581AE84770002E9A96 /* Debug */,
				4C455D591AE84770002E9A96 /* Release */,
			);
			defaultConfigurationIsVisible = 0;
		};
		4C455D5A1AE84770002E9A96 /* Build configuration list for PBXNativeTarget "TelepathyTests" */ = {
			isa = XCConfigurationList;
			buildConfigurations = (
				4C455D5B1AE84770002E9A96 /* Debug */,
				4C455D5C1AE84770002E9A96 /* Release */,
			);
			defaultConfigurationIsVisible = 0;
		};
/* End XCConfigurationList section */
	};
	rootObject = 4C455D321AE84770002E9A96 /* Project object */;
}
