// !$*UTF8*$!
{
	archiveVersion = 1;
	classes = {
	};
	objectVersion = 46;
	objects = {

/* Begin PBXBuildFile section */
		0F9B73E7EFA5A3B09728CFDB /* libPods.a in Frameworks */ = {isa = PBXBuildFile; fileRef = 89A8A794DAA20C907B79823A /* libPods.a */; };
		4C00AC5F1AE8484F00A5AB49 /* MenubarController.m in Sources */ = {isa = PBXBuildFile; fileRef = 4C00AC5B1AE8484F00A5AB49 /* MenubarController.m */; };
		4C00AC601AE8484F00A5AB49 /* Panel.xib in Resources */ = {isa = PBXBuildFile; fileRef = 4C00AC5C1AE8484F00A5AB49 /* Panel.xib */; };
		4C00AC611AE8484F00A5AB49 /* PanelController.m in Sources */ = {isa = PBXBuildFile; fileRef = 4C00AC5E1AE8484F00A5AB49 /* PanelController.m */; };
		4C00AC661AE848AB00A5AB49 /* Carbon.framework in Frameworks */ = {isa = PBXBuildFile; fileRef = 4C00AC651AE848AB00A5AB49 /* Carbon.framework */; };
		4C00AC681AE848B000A5AB49 /* Cocoa.framework in Frameworks */ = {isa = PBXBuildFile; fileRef = 4C00AC671AE848B000A5AB49 /* Cocoa.framework */; };
		4C00AC6A1AE848FE00A5AB49 /* AppKit.framework in Frameworks */ = {isa = PBXBuildFile; fileRef = 4C00AC691AE848FE00A5AB49 /* AppKit.framework */; };
		4C00AC6C1AE8490700A5AB49 /* Foundation.framework in Frameworks */ = {isa = PBXBuildFile; fileRef = 4C00AC6B1AE8490700A5AB49 /* Foundation.framework */; };
		4C00AC701AE84F6B00A5AB49 /* Panel.m in Sources */ = {isa = PBXBuildFile; fileRef = 4C00AC6F1AE84F6B00A5AB49 /* Panel.m */; };
		4C00AC721AE84FB900A5AB49 /* MainMenu.xib in Resources */ = {isa = PBXBuildFile; fileRef = 4C00AC711AE84FB900A5AB49 /* MainMenu.xib */; };
		4C00AC751AE850C900A5AB49 /* BackgroundView.m in Sources */ = {isa = PBXBuildFile; fileRef = 4C00AC741AE850C900A5AB49 /* BackgroundView.m */; };
		4C086A3F1B1AB4DB00D4A168 /* TPConstraintView.m in Sources */ = {isa = PBXBuildFile; fileRef = 4C086A3E1B1AB4DB00D4A168 /* TPConstraintView.m */; };
		4C086A421B1AC18300D4A168 /* TPPagingScrollView.m in Sources */ = {isa = PBXBuildFile; fileRef = 4C086A411B1AC18300D4A168 /* TPPagingScrollView.m */; };
		4C230F5E1B0BA44E004D1ECF /* EventKit.framework in Frameworks */ = {isa = PBXBuildFile; fileRef = 4C230F5D1B0BA44E004D1ECF /* EventKit.framework */; };
		4C4044441AFFE3C400E4D34B /* AnniversaryView.m in Sources */ = {isa = PBXBuildFile; fileRef = 4C4044431AFFE3C400E4D34B /* AnniversaryView.m */; };
		4C4044471AFFE3D500E4D34B /* AnniversaryController.m in Sources */ = {isa = PBXBuildFile; fileRef = 4C4044461AFFE3D500E4D34B /* AnniversaryController.m */; };
		4C4327221AE85F8500500AD3 /* Status.png in Resources */ = {isa = PBXBuildFile; fileRef = 4C43271E1AE85F8500500AD3 /* Status.png */; };
		4C4327231AE85F8500500AD3 /* Status@2x.png in Resources */ = {isa = PBXBuildFile; fileRef = 4C43271F1AE85F8500500AD3 /* Status@2x.png */; };
		4C455D411AE84770002E9A96 /* AppDelegate.m in Sources */ = {isa = PBXBuildFile; fileRef = 4C455D401AE84770002E9A96 /* AppDelegate.m */; };
		4C455D431AE84770002E9A96 /* main.m in Sources */ = {isa = PBXBuildFile; fileRef = 4C455D421AE84770002E9A96 /* main.m */; };
		4C455D451AE84770002E9A96 /* Images.xcassets in Resources */ = {isa = PBXBuildFile; fileRef = 4C455D441AE84770002E9A96 /* Images.xcassets */; };
		4C57B9E11B12778E00C88775 /* StatusItemView.m in Sources */ = {isa = PBXBuildFile; fileRef = 4C57B9E01B12778E00C88775 /* StatusItemView.m */; };
		4C5A4E671B0BF8B600903162 /* EmotionChartView.m in Sources */ = {isa = PBXBuildFile; fileRef = 4C5A4E661B0BF8B600903162 /* EmotionChartView.m */; };
		4C5A4E6A1B0BF8C000903162 /* EmotionChartController.m in Sources */ = {isa = PBXBuildFile; fileRef = 4C5A4E691B0BF8C000903162 /* EmotionChartController.m */; };
		4C7741931AE8672300DC180A /* CFNetwork.framework in Frameworks */ = {isa = PBXBuildFile; fileRef = 4C7741921AE8672300DC180A /* CFNetwork.framework */; };
		4C7741951AE8672A00DC180A /* CoreGraphics.framework in Frameworks */ = {isa = PBXBuildFile; fileRef = 4C7741941AE8672A00DC180A /* CoreGraphics.framework */; };
		4C7741971AE8673000DC180A /* CoreLocation.framework in Frameworks */ = {isa = PBXBuildFile; fileRef = 4C7741961AE8673000DC180A /* CoreLocation.framework */; };
		4C7741991AE8673600DC180A /* QuartzCore.framework in Frameworks */ = {isa = PBXBuildFile; fileRef = 4C7741981AE8673600DC180A /* QuartzCore.framework */; };
		4C77419B1AE8673F00DC180A /* Security.framework in Frameworks */ = {isa = PBXBuildFile; fileRef = 4C77419A1AE8673F00DC180A /* Security.framework */; };
		4C77419D1AE8674600DC180A /* SystemConfiguration.framework in Frameworks */ = {isa = PBXBuildFile; fileRef = 4C77419C1AE8674600DC180A /* SystemConfiguration.framework */; };
		4C77419F1AE8675000DC180A /* libsqlite3.dylib in Frameworks */ = {isa = PBXBuildFile; fileRef = 4C77419E1AE8675000DC180A /* libsqlite3.dylib */; };
		4C7741A11AE8675600DC180A /* libz.dylib in Frameworks */ = {isa = PBXBuildFile; fileRef = 4C7741A01AE8675600DC180A /* libz.dylib */; };
		4C7741A81AE867D400DC180A /* Bolts.framework in Frameworks */ = {isa = PBXBuildFile; fileRef = 4C7741A61AE867D400DC180A /* Bolts.framework */; };
		4C7741A91AE867D400DC180A /* ParseOSX.framework in Frameworks */ = {isa = PBXBuildFile; fileRef = 4C7741A71AE867D400DC180A /* ParseOSX.framework */; };
		4C7741AA1AE867E400DC180A /* Bolts.framework in CopyFiles */ = {isa = PBXBuildFile; fileRef = 4C7741A61AE867D400DC180A /* Bolts.framework */; settings = {ATTRIBUTES = (CodeSignOnCopy, RemoveHeadersOnCopy, ); }; };
		4C7741AB1AE867E400DC180A /* ParseOSX.framework in CopyFiles */ = {isa = PBXBuildFile; fileRef = 4C7741A71AE867D400DC180A /* ParseOSX.framework */; settings = {ATTRIBUTES = (CodeSignOnCopy, RemoveHeadersOnCopy, ); }; };
		4CB875FE1B0D2DE9006BFDC8 /* DDHotKeyCenter.m in Sources */ = {isa = PBXBuildFile; fileRef = 4CB875F91B0D2DE9006BFDC8 /* DDHotKeyCenter.m */; };
		4CB875FF1B0D2DE9006BFDC8 /* DDHotKeyTextField.m in Sources */ = {isa = PBXBuildFile; fileRef = 4CB875FB1B0D2DE9006BFDC8 /* DDHotKeyTextField.m */; };
		4CB876001B0D2DE9006BFDC8 /* DDHotKeyUtilities.m in Sources */ = {isa = PBXBuildFile; fileRef = 4CB875FD1B0D2DE9006BFDC8 /* DDHotKeyUtilities.m */; };
		4CB8760D1B0D35D0006BFDC8 /* CommandBarController.m in Sources */ = {isa = PBXBuildFile; fileRef = 4CB8760C1B0D35D0006BFDC8 /* CommandBarController.m */; };
		4CB8760F1B0D3E11006BFDC8 /* CommandBar.xib in Resources */ = {isa = PBXBuildFile; fileRef = 4CB8760E1B0D3E11006BFDC8 /* CommandBar.xib */; };
		4CB876121B0D4123006BFDC8 /* TPKeyWindow.m in Sources */ = {isa = PBXBuildFile; fileRef = 4CB876111B0D4123006BFDC8 /* TPKeyWindow.m */; };
		4CFB27E41AEC559B00F9E28C /* ClockWidgetView.m in Sources */ = {isa = PBXBuildFile; fileRef = 4CFB27E31AEC559B00F9E28C /* ClockWidgetView.m */; };
		4CFB27E71AEC55AD00F9E28C /* ClockWidgetController.m in Sources */ = {isa = PBXBuildFile; fileRef = 4CFB27E61AEC55AD00F9E28C /* ClockWidgetController.m */; };
		4CFB27EA1AEC580900F9E28C /* TPColor.m in Sources */ = {isa = PBXBuildFile; fileRef = 4CFB27E91AEC580900F9E28C /* TPColor.m */; };
		4CFB27ED1AEC5C7500F9E28C /* Extension.m in Sources */ = {isa = PBXBuildFile; fileRef = 4CFB27EC1AEC5C7500F9E28C /* Extension.m */; };
		4CFB27F01AEC648700F9E28C /* DataManager.m in Sources */ = {isa = PBXBuildFile; fileRef = 4CFB27EF1AEC648700F9E28C /* DataManager.m */; };
		4CFFE1151B093E38000EEAD4 /* BubbleScrollView.m in Sources */ = {isa = PBXBuildFile; fileRef = 4CFFE1141B093E38000EEAD4 /* BubbleScrollView.m */; };
		4CFFE1181B093E47000EEAD4 /* MessageController.m in Sources */ = {isa = PBXBuildFile; fileRef = 4CFFE1171B093E47000EEAD4 /* MessageController.m */; };
		4CFFE11B1B0942E5000EEAD4 /* MessageBubbleView.m in Sources */ = {isa = PBXBuildFile; fileRef = 4CFFE11A1B0942E5000EEAD4 /* MessageBubbleView.m */; };
		4CFFE1211B095DC7000EEAD4 /* TPFlippedView.m in Sources */ = {isa = PBXBuildFile; fileRef = 4CFFE1201B095DC7000EEAD4 /* TPFlippedView.m */; };
		4CFFE1271B0962A1000EEAD4 /* BubbleView.m in Sources */ = {isa = PBXBuildFile; fileRef = 4CFFE1261B0962A1000EEAD4 /* BubbleView.m */; };
		4CFFE12A1B0962BF000EEAD4 /* EventBubbleView.m in Sources */ = {isa = PBXBuildFile; fileRef = 4CFFE1291B0962BF000EEAD4 /* EventBubbleView.m */; };
		4CFFE12D1B0962D0000EEAD4 /* EventWidgetController.m in Sources */ = {isa = PBXBuildFile; fileRef = 4CFFE12C1B0962D0000EEAD4 /* EventWidgetController.m */; };
		4CFFE1301B0969E6000EEAD4 /* TPTextField.m in Sources */ = {isa = PBXBuildFile; fileRef = 4CFFE12F1B0969E6000EEAD4 /* TPTextField.m */; };
/* End PBXBuildFile section */

/* Begin PBXContainerItemProxy section */
		4C455D4E1AE84770002E9A96 /* PBXContainerItemProxy */ = {
			isa = PBXContainerItemProxy;
			containerPortal = 4C455D321AE84770002E9A96 /* Project object */;
			proxyType = 1;
			remoteGlobalIDString = 4C455D391AE84770002E9A96;
			remoteInfo = Telepathy;
		};
/* End PBXContainerItemProxy section */

/* Begin PBXCopyFilesBuildPhase section */
		4C7741A21AE8676A00DC180A /* CopyFiles */ = {
			isa = PBXCopyFilesBuildPhase;
			buildActionMask = 2147483647;
			dstPath = "";
			dstSubfolderSpec = 10;
			files = (
				4C7741AA1AE867E400DC180A /* Bolts.framework in CopyFiles */,
				4C7741AB1AE867E400DC180A /* ParseOSX.framework in CopyFiles */,
			);
			runOnlyForDeploymentPostprocessing = 0;
		};
/* End PBXCopyFilesBuildPhase section */

/* Begin PBXFileReference section */
		06E621B9A880204A75EB0A5F /* Pods.debug.xcconfig */ = {isa = PBXFileReference; includeInIndex = 1; lastKnownFileType = text.xcconfig; name = Pods.debug.xcconfig; path = "Pods/Target Support Files/Pods/Pods.debug.xcconfig"; sourceTree = "<group>"; };
		4C00AC5A1AE8484F00A5AB49 /* MenubarController.h */ = {isa = PBXFileReference; fileEncoding = 4; lastKnownFileType = sourcecode.c.h; path = MenubarController.h; sourceTree = "<group>"; };
		4C00AC5B1AE8484F00A5AB49 /* MenubarController.m */ = {isa = PBXFileReference; fileEncoding = 4; lastKnownFileType = sourcecode.c.objc; path = MenubarController.m; sourceTree = "<group>"; };
		4C00AC5C1AE8484F00A5AB49 /* Panel.xib */ = {isa = PBXFileReference; fileEncoding = 4; lastKnownFileType = file.xib; path = Panel.xib; sourceTree = "<group>"; };
		4C00AC5D1AE8484F00A5AB49 /* PanelController.h */ = {isa = PBXFileReference; fileEncoding = 4; lastKnownFileType = sourcecode.c.h; path = PanelController.h; sourceTree = "<group>"; };
		4C00AC5E1AE8484F00A5AB49 /* PanelController.m */ = {isa = PBXFileReference; fileEncoding = 4; lastKnownFileType = sourcecode.c.objc; path = PanelController.m; sourceTree = "<group>"; };
		4C00AC651AE848AB00A5AB49 /* Carbon.framework */ = {isa = PBXFileReference; lastKnownFileType = wrapper.framework; name = Carbon.framework; path = System/Library/Frameworks/Carbon.framework; sourceTree = SDKROOT; };
		4C00AC671AE848B000A5AB49 /* Cocoa.framework */ = {isa = PBXFileReference; lastKnownFileType = wrapper.framework; name = Cocoa.framework; path = System/Library/Frameworks/Cocoa.framework; sourceTree = SDKROOT; };
		4C00AC691AE848FE00A5AB49 /* AppKit.framework */ = {isa = PBXFileReference; lastKnownFileType = wrapper.framework; name = AppKit.framework; path = System/Library/Frameworks/AppKit.framework; sourceTree = SDKROOT; };
		4C00AC6B1AE8490700A5AB49 /* Foundation.framework */ = {isa = PBXFileReference; lastKnownFileType = wrapper.framework; name = Foundation.framework; path = System/Library/Frameworks/Foundation.framework; sourceTree = SDKROOT; };
		4C00AC6D1AE84B1000A5AB49 /* PrefixHeader.pch */ = {isa = PBXFileReference; fileEncoding = 4; lastKnownFileType = sourcecode.c.h; path = PrefixHeader.pch; sourceTree = "<group>"; };
		4C00AC6E1AE84F6B00A5AB49 /* Panel.h */ = {isa = PBXFileReference; fileEncoding = 4; lastKnownFileType = sourcecode.c.h; path = Panel.h; sourceTree = "<group>"; };
		4C00AC6F1AE84F6B00A5AB49 /* Panel.m */ = {isa = PBXFileReference; fileEncoding = 4; lastKnownFileType = sourcecode.c.objc; path = Panel.m; sourceTree = "<group>"; };
		4C00AC711AE84FB900A5AB49 /* MainMenu.xib */ = {isa = PBXFileReference; fileEncoding = 4; lastKnownFileType = file.xib; path = MainMenu.xib; sourceTree = "<group>"; };
		4C00AC731AE850C900A5AB49 /* BackgroundView.h */ = {isa = PBXFileReference; fileEncoding = 4; lastKnownFileType = sourcecode.c.h; path = BackgroundView.h; sourceTree = "<group>"; };
		4C00AC741AE850C900A5AB49 /* BackgroundView.m */ = {isa = PBXFileReference; fileEncoding = 4; lastKnownFileType = sourcecode.c.objc; path = BackgroundView.m; sourceTree = "<group>"; };
		4C00AC871AE85AB500A5AB49 /* NSFileManagerExtension.h */ = {isa = PBXFileReference; lastKnownFileType = sourcecode.c.h; path = NSFileManagerExtension.h; sourceTree = "<group>"; };
		4C086A3D1B1AB4DB00D4A168 /* TPConstraintView.h */ = {isa = PBXFileReference; fileEncoding = 4; lastKnownFileType = sourcecode.c.h; path = TPConstraintView.h; sourceTree = "<group>"; };
		4C086A3E1B1AB4DB00D4A168 /* TPConstraintView.m */ = {isa = PBXFileReference; fileEncoding = 4; lastKnownFileType = sourcecode.c.objc; path = TPConstraintView.m; sourceTree = "<group>"; };
		4C086A401B1AC18300D4A168 /* TPPagingScrollView.h */ = {isa = PBXFileReference; fileEncoding = 4; lastKnownFileType = sourcecode.c.h; path = TPPagingScrollView.h; sourceTree = "<group>"; };
		4C086A411B1AC18300D4A168 /* TPPagingScrollView.m */ = {isa = PBXFileReference; fileEncoding = 4; lastKnownFileType = sourcecode.c.objc; path = TPPagingScrollView.m; sourceTree = "<group>"; };
		4C230F5D1B0BA44E004D1ECF /* EventKit.framework */ = {isa = PBXFileReference; lastKnownFileType = wrapper.framework; name = EventKit.framework; path = System/Library/Frameworks/EventKit.framework; sourceTree = SDKROOT; };
		4C4044421AFFE3C400E4D34B /* AnniversaryView.h */ = {isa = PBXFileReference; fileEncoding = 4; lastKnownFileType = sourcecode.c.h; path = AnniversaryView.h; sourceTree = "<group>"; };
		4C4044431AFFE3C400E4D34B /* AnniversaryView.m */ = {isa = PBXFileReference; fileEncoding = 4; lastKnownFileType = sourcecode.c.objc; path = AnniversaryView.m; sourceTree = "<group>"; };
		4C4044451AFFE3D500E4D34B /* AnniversaryController.h */ = {isa = PBXFileReference; fileEncoding = 4; lastKnownFileType = sourcecode.c.h; path = AnniversaryController.h; sourceTree = "<group>"; };
		4C4044461AFFE3D500E4D34B /* AnniversaryController.m */ = {isa = PBXFileReference; fileEncoding = 4; lastKnownFileType = sourcecode.c.objc; path = AnniversaryController.m; sourceTree = "<group>"; };
		4C43271E1AE85F8500500AD3 /* Status.png */ = {isa = PBXFileReference; lastKnownFileType = image.png; path = Status.png; sourceTree = "<group>"; };
		4C43271F1AE85F8500500AD3 /* Status@2x.png */ = {isa = PBXFileReference; lastKnownFileType = image.png; path = "Status@2x.png"; sourceTree = "<group>"; };
		4C455D3A1AE84770002E9A96 /* Telepathy.app */ = {isa = PBXFileReference; explicitFileType = wrapper.application; includeInIndex = 0; path = Telepathy.app; sourceTree = BUILT_PRODUCTS_DIR; };
		4C455D3E1AE84770002E9A96 /* Info.plist */ = {isa = PBXFileReference; lastKnownFileType = text.plist.xml; path = Info.plist; sourceTree = "<group>"; };
		4C455D3F1AE84770002E9A96 /* AppDelegate.h */ = {isa = PBXFileReference; lastKnownFileType = sourcecode.c.h; path = AppDelegate.h; sourceTree = "<group>"; };
		4C455D401AE84770002E9A96 /* AppDelegate.m */ = {isa = PBXFileReference; lastKnownFileType = sourcecode.c.objc; path = AppDelegate.m; sourceTree = "<group>"; };
		4C455D421AE84770002E9A96 /* main.m */ = {isa = PBXFileReference; lastKnownFileType = sourcecode.c.objc; path = main.m; sourceTree = "<group>"; };
		4C455D441AE84770002E9A96 /* Images.xcassets */ = {isa = PBXFileReference; lastKnownFileType = folder.assetcatalog; name = Images.xcassets; path = Telepathy/Images.xcassets; sourceTree = "<group>"; };
		4C455D4D1AE84770002E9A96 /* TelepathyTests.xctest */ = {isa = PBXFileReference; explicitFileType = wrapper.cfbundle; includeInIndex = 0; path = TelepathyTests.xctest; sourceTree = BUILT_PRODUCTS_DIR; };
		4C57B9DF1B12778E00C88775 /* StatusItemView.h */ = {isa = PBXFileReference; fileEncoding = 4; lastKnownFileType = sourcecode.c.h; path = StatusItemView.h; sourceTree = "<group>"; };
		4C57B9E01B12778E00C88775 /* StatusItemView.m */ = {isa = PBXFileReference; fileEncoding = 4; lastKnownFileType = sourcecode.c.objc; path = StatusItemView.m; sourceTree = "<group>"; };
		4C5A4E641B0BF57900903162 /* DateFormats.h */ = {isa = PBXFileReference; lastKnownFileType = sourcecode.c.h; path = DateFormats.h; sourceTree = "<group>"; };
		4C5A4E651B0BF8B600903162 /* EmotionChartView.h */ = {isa = PBXFileReference; fileEncoding = 4; lastKnownFileType = sourcecode.c.h; path = EmotionChartView.h; sourceTree = "<group>"; };
		4C5A4E661B0BF8B600903162 /* EmotionChartView.m */ = {isa = PBXFileReference; fileEncoding = 4; lastKnownFileType = sourcecode.c.objc; path = EmotionChartView.m; sourceTree = "<group>"; };
		4C5A4E681B0BF8C000903162 /* EmotionChartController.h */ = {isa = PBXFileReference; fileEncoding = 4; lastKnownFileType = sourcecode.c.h; path = EmotionChartController.h; sourceTree = "<group>"; };
		4C5A4E691B0BF8C000903162 /* EmotionChartController.m */ = {isa = PBXFileReference; fileEncoding = 4; lastKnownFileType = sourcecode.c.objc; path = EmotionChartController.m; sourceTree = "<group>"; };
		4C7741921AE8672300DC180A /* CFNetwork.framework */ = {isa = PBXFileReference; lastKnownFileType = wrapper.framework; name = CFNetwork.framework; path = System/Library/Frameworks/CFNetwork.framework; sourceTree = SDKROOT; };
		4C7741941AE8672A00DC180A /* CoreGraphics.framework */ = {isa = PBXFileReference; lastKnownFileType = wrapper.framework; name = CoreGraphics.framework; path = System/Library/Frameworks/CoreGraphics.framework; sourceTree = SDKROOT; };
		4C7741961AE8673000DC180A /* CoreLocation.framework */ = {isa = PBXFileReference; lastKnownFileType = wrapper.framework; name = CoreLocation.framework; path = System/Library/Frameworks/CoreLocation.framework; sourceTree = SDKROOT; };
		4C7741981AE8673600DC180A /* QuartzCore.framework */ = {isa = PBXFileReference; lastKnownFileType = wrapper.framework; name = QuartzCore.framework; path = System/Library/Frameworks/QuartzCore.framework; sourceTree = SDKROOT; };
		4C77419A1AE8673F00DC180A /* Security.framework */ = {isa = PBXFileReference; lastKnownFileType = wrapper.framework; name = Security.framework; path = System/Library/Frameworks/Security.framework; sourceTree = SDKROOT; };
		4C77419C1AE8674600DC180A /* SystemConfiguration.framework */ = {isa = PBXFileReference; lastKnownFileType = wrapper.framework; name = SystemConfiguration.framework; path = System/Library/Frameworks/SystemConfiguration.framework; sourceTree = SDKROOT; };
		4C77419E1AE8675000DC180A /* libsqlite3.dylib */ = {isa = PBXFileReference; lastKnownFileType = "compiled.mach-o.dylib"; name = libsqlite3.dylib; path = usr/lib/libsqlite3.dylib; sourceTree = SDKROOT; };
		4C7741A01AE8675600DC180A /* libz.dylib */ = {isa = PBXFileReference; lastKnownFileType = "compiled.mach-o.dylib"; name = libz.dylib; path = usr/lib/libz.dylib; sourceTree = SDKROOT; };
		4C7741A61AE867D400DC180A /* Bolts.framework */ = {isa = PBXFileReference; lastKnownFileType = wrapper.framework; name = Bolts.framework; path = "parse-osx-library/Bolts.framework"; sourceTree = "<group>"; };
		4C7741A71AE867D400DC180A /* ParseOSX.framework */ = {isa = PBXFileReference; lastKnownFileType = wrapper.framework; name = ParseOSX.framework; path = "parse-osx-library/ParseOSX.framework"; sourceTree = "<group>"; };
		4CB875F81B0D2DE9006BFDC8 /* DDHotKeyCenter.h */ = {isa = PBXFileReference; fileEncoding = 4; lastKnownFileType = sourcecode.c.h; name = DDHotKeyCenter.h; path = Telepathy/DDHotKey/DDHotKeyCenter.h; sourceTree = "<group>"; };
		4CB875F91B0D2DE9006BFDC8 /* DDHotKeyCenter.m */ = {isa = PBXFileReference; fileEncoding = 4; lastKnownFileType = sourcecode.c.objc; name = DDHotKeyCenter.m; path = Telepathy/DDHotKey/DDHotKeyCenter.m; sourceTree = "<group>"; };
		4CB875FA1B0D2DE9006BFDC8 /* DDHotKeyTextField.h */ = {isa = PBXFileReference; fileEncoding = 4; lastKnownFileType = sourcecode.c.h; name = DDHotKeyTextField.h; path = Telepathy/DDHotKey/DDHotKeyTextField.h; sourceTree = "<group>"; };
		4CB875FB1B0D2DE9006BFDC8 /* DDHotKeyTextField.m */ = {isa = PBXFileReference; fileEncoding = 4; lastKnownFileType = sourcecode.c.objc; name = DDHotKeyTextField.m; path = Telepathy/DDHotKey/DDHotKeyTextField.m; sourceTree = "<group>"; };
		4CB875FC1B0D2DE9006BFDC8 /* DDHotKeyUtilities.h */ = {isa = PBXFileReference; fileEncoding = 4; lastKnownFileType = sourcecode.c.h; name = DDHotKeyUtilities.h; path = Telepathy/DDHotKey/DDHotKeyUtilities.h; sourceTree = "<group>"; };
		4CB875FD1B0D2DE9006BFDC8 /* DDHotKeyUtilities.m */ = {isa = PBXFileReference; fileEncoding = 4; lastKnownFileType = sourcecode.c.objc; name = DDHotKeyUtilities.m; path = Telepathy/DDHotKey/DDHotKeyUtilities.m; sourceTree = "<group>"; };
		4CB8760B1B0D35D0006BFDC8 /* CommandBarController.h */ = {isa = PBXFileReference; fileEncoding = 4; lastKnownFileType = sourcecode.c.h; path = CommandBarController.h; sourceTree = "<group>"; };
		4CB8760C1B0D35D0006BFDC8 /* CommandBarController.m */ = {isa = PBXFileReference; fileEncoding = 4; lastKnownFileType = sourcecode.c.objc; path = CommandBarController.m; sourceTree = "<group>"; };
		4CB8760E1B0D3E11006BFDC8 /* CommandBar.xib */ = {isa = PBXFileReference; fileEncoding = 4; lastKnownFileType = file.xib; path = CommandBar.xib; sourceTree = "<group>"; };
		4CB876101B0D4123006BFDC8 /* TPKeyWindow.h */ = {isa = PBXFileReference; fileEncoding = 4; lastKnownFileType = sourcecode.c.h; path = TPKeyWindow.h; sourceTree = "<group>"; };
		4CB876111B0D4123006BFDC8 /* TPKeyWindow.m */ = {isa = PBXFileReference; fileEncoding = 4; lastKnownFileType = sourcecode.c.objc; path = TPKeyWindow.m; sourceTree = "<group>"; };
		4CFB27E21AEC559B00F9E28C /* ClockWidgetView.h */ = {isa = PBXFileReference; fileEncoding = 4; lastKnownFileType = sourcecode.c.h; path = ClockWidgetView.h; sourceTree = "<group>"; };
		4CFB27E31AEC559B00F9E28C /* ClockWidgetView.m */ = {isa = PBXFileReference; fileEncoding = 4; lastKnownFileType = sourcecode.c.objc; path = ClockWidgetView.m; sourceTree = "<group>"; };
		4CFB27E51AEC55AD00F9E28C /* ClockWidgetController.h */ = {isa = PBXFileReference; fileEncoding = 4; lastKnownFileType = sourcecode.c.h; path = ClockWidgetController.h; sourceTree = "<group>"; };
		4CFB27E61AEC55AD00F9E28C /* ClockWidgetController.m */ = {isa = PBXFileReference; fileEncoding = 4; lastKnownFileType = sourcecode.c.objc; path = ClockWidgetController.m; sourceTree = "<group>"; };
		4CFB27E81AEC580900F9E28C /* TPColor.h */ = {isa = PBXFileReference; fileEncoding = 4; lastKnownFileType = sourcecode.c.h; path = TPColor.h; sourceTree = "<group>"; };
		4CFB27E91AEC580900F9E28C /* TPColor.m */ = {isa = PBXFileReference; fileEncoding = 4; lastKnownFileType = sourcecode.c.objc; path = TPColor.m; sourceTree = "<group>"; };
		4CFB27EB1AEC5C7500F9E28C /* Extension.h */ = {isa = PBXFileReference; fileEncoding = 4; lastKnownFileType = sourcecode.c.h; path = Extension.h; sourceTree = "<group>"; };
		4CFB27EC1AEC5C7500F9E28C /* Extension.m */ = {isa = PBXFileReference; fileEncoding = 4; lastKnownFileType = sourcecode.c.objc; path = Extension.m; sourceTree = "<group>"; };
		4CFB27EE1AEC648700F9E28C /* DataManager.h */ = {isa = PBXFileReference; fileEncoding = 4; lastKnownFileType = sourcecode.c.h; path = DataManager.h; sourceTree = "<group>"; };
		4CFB27EF1AEC648700F9E28C /* DataManager.m */ = {isa = PBXFileReference; fileEncoding = 4; lastKnownFileType = sourcecode.c.objc; path = DataManager.m; sourceTree = "<group>"; };
		4CFFE1131B093E38000EEAD4 /* BubbleScrollView.h */ = {isa = PBXFileReference; fileEncoding = 4; lastKnownFileType = sourcecode.c.h; path = BubbleScrollView.h; sourceTree = "<group>"; };
		4CFFE1141B093E38000EEAD4 /* BubbleScrollView.m */ = {isa = PBXFileReference; fileEncoding = 4; lastKnownFileType = sourcecode.c.objc; path = BubbleScrollView.m; sourceTree = "<group>"; };
		4CFFE1161B093E47000EEAD4 /* MessageController.h */ = {isa = PBXFileReference; fileEncoding = 4; lastKnownFileType = sourcecode.c.h; path = MessageController.h; sourceTree = "<group>"; };
		4CFFE1171B093E47000EEAD4 /* MessageController.m */ = {isa = PBXFileReference; fileEncoding = 4; lastKnownFileType = sourcecode.c.objc; path = MessageController.m; sourceTree = "<group>"; };
		4CFFE1191B0942E5000EEAD4 /* MessageBubbleView.h */ = {isa = PBXFileReference; fileEncoding = 4; lastKnownFileType = sourcecode.c.h; path = MessageBubbleView.h; sourceTree = "<group>"; };
		4CFFE11A1B0942E5000EEAD4 /* MessageBubbleView.m */ = {isa = PBXFileReference; fileEncoding = 4; lastKnownFileType = sourcecode.c.objc; path = MessageBubbleView.m; sourceTree = "<group>"; };
		4CFFE11F1B095DC7000EEAD4 /* TPFlippedView.h */ = {isa = PBXFileReference; fileEncoding = 4; lastKnownFileType = sourcecode.c.h; path = TPFlippedView.h; sourceTree = "<group>"; };
		4CFFE1201B095DC7000EEAD4 /* TPFlippedView.m */ = {isa = PBXFileReference; fileEncoding = 4; lastKnownFileType = sourcecode.c.objc; path = TPFlippedView.m; sourceTree = "<group>"; };
		4CFFE1251B0962A1000EEAD4 /* BubbleView.h */ = {isa = PBXFileReference; fileEncoding = 4; lastKnownFileType = sourcecode.c.h; path = BubbleView.h; sourceTree = "<group>"; };
		4CFFE1261B0962A1000EEAD4 /* BubbleView.m */ = {isa = PBXFileReference; fileEncoding = 4; lastKnownFileType = sourcecode.c.objc; path = BubbleView.m; sourceTree = "<group>"; };
		4CFFE1281B0962BF000EEAD4 /* EventBubbleView.h */ = {isa = PBXFileReference; fileEncoding = 4; lastKnownFileType = sourcecode.c.h; path = EventBubbleView.h; sourceTree = "<group>"; };
		4CFFE1291B0962BF000EEAD4 /* EventBubbleView.m */ = {isa = PBXFileReference; fileEncoding = 4; lastKnownFileType = sourcecode.c.objc; path = EventBubbleView.m; sourceTree = "<group>"; };
		4CFFE12B1B0962D0000EEAD4 /* EventWidgetController.h */ = {isa = PBXFileReference; fileEncoding = 4; lastKnownFileType = sourcecode.c.h; path = EventWidgetController.h; sourceTree = "<group>"; };
		4CFFE12C1B0962D0000EEAD4 /* EventWidgetController.m */ = {isa = PBXFileReference; fileEncoding = 4; lastKnownFileType = sourcecode.c.objc; path = EventWidgetController.m; sourceTree = "<group>"; };
		4CFFE12E1B0969E6000EEAD4 /* TPTextField.h */ = {isa = PBXFileReference; fileEncoding = 4; lastKnownFileType = sourcecode.c.h; path = TPTextField.h; sourceTree = "<group>"; };
		4CFFE12F1B0969E6000EEAD4 /* TPTextField.m */ = {isa = PBXFileReference; fileEncoding = 4; lastKnownFileType = sourcecode.c.objc; path = TPTextField.m; sourceTree = "<group>"; };
		89A8A794DAA20C907B79823A /* libPods.a */ = {isa = PBXFileReference; explicitFileType = archive.ar; includeInIndex = 0; path = libPods.a; sourceTree = BUILT_PRODUCTS_DIR; };
		96F298646A1A3FA3773822E7 /* Pods.release.xcconfig */ = {isa = PBXFileReference; includeInIndex = 1; lastKnownFileType = text.xcconfig; name = Pods.release.xcconfig; path = "Pods/Target Support Files/Pods/Pods.release.xcconfig"; sourceTree = "<group>"; };
/* End PBXFileReference section */

/* Begin PBXFrameworksBuildPhase section */
		4C455D371AE84770002E9A96 /* Frameworks */ = {
			isa = PBXFrameworksBuildPhase;
			buildActionMask = 2147483647;
			files = (
				4C00AC661AE848AB00A5AB49 /* Carbon.framework in Frameworks */,
				4C230F5E1B0BA44E004D1ECF /* EventKit.framework in Frameworks */,
				4C7741A11AE8675600DC180A /* libz.dylib in Frameworks */,
				4C77419F1AE8675000DC180A /* libsqlite3.dylib in Frameworks */,
				4C77419D1AE8674600DC180A /* SystemConfiguration.framework in Frameworks */,
				4C7741A91AE867D400DC180A /* ParseOSX.framework in Frameworks */,
				4C77419B1AE8673F00DC180A /* Security.framework in Frameworks */,
				4C7741991AE8673600DC180A /* QuartzCore.framework in Frameworks */,
				4C7741971AE8673000DC180A /* CoreLocation.framework in Frameworks */,
				4C7741951AE8672A00DC180A /* CoreGraphics.framework in Frameworks */,
				4C7741A81AE867D400DC180A /* Bolts.framework in Frameworks */,
				4C7741931AE8672300DC180A /* CFNetwork.framework in Frameworks */,
				4C00AC6C1AE8490700A5AB49 /* Foundation.framework in Frameworks */,
				4C00AC6A1AE848FE00A5AB49 /* AppKit.framework in Frameworks */,
				4C00AC681AE848B000A5AB49 /* Cocoa.framework in Frameworks */,
				0F9B73E7EFA5A3B09728CFDB /* libPods.a in Frameworks */,
			);
			runOnlyForDeploymentPostprocessing = 0;
		};
		4C455D4A1AE84770002E9A96 /* Frameworks */ = {
			isa = PBXFrameworksBuildPhase;
			buildActionMask = 2147483647;
			files = (
			);
			runOnlyForDeploymentPostprocessing = 0;
		};
/* End PBXFrameworksBuildPhase section */

/* Begin PBXGroup section */
		4C00AC861AE858F300A5AB49 /* Frameworks */ = {
			isa = PBXGroup;
			children = (
				4CB876011B0D2DF5006BFDC8 /* DDHotKey */,
				4C230F5D1B0BA44E004D1ECF /* EventKit.framework */,
				4C7741A01AE8675600DC180A /* libz.dylib */,
				4C77419E1AE8675000DC180A /* libsqlite3.dylib */,
				4C7741A61AE867D400DC180A /* Bolts.framework */,
				4C7741A71AE867D400DC180A /* ParseOSX.framework */,
				4C77419C1AE8674600DC180A /* SystemConfiguration.framework */,
				4C77419A1AE8673F00DC180A /* Security.framework */,
				4C7741981AE8673600DC180A /* QuartzCore.framework */,
				4C7741961AE8673000DC180A /* CoreLocation.framework */,
				4C7741941AE8672A00DC180A /* CoreGraphics.framework */,
				4C7741921AE8672300DC180A /* CFNetwork.framework */,
				4C00AC6B1AE8490700A5AB49 /* Foundation.framework */,
				4C00AC691AE848FE00A5AB49 /* AppKit.framework */,
				4C00AC671AE848B000A5AB49 /* Cocoa.framework */,
				4C00AC651AE848AB00A5AB49 /* Carbon.framework */,
				89A8A794DAA20C907B79823A /* libPods.a */,
			);
			name = Frameworks;
			sourceTree = "<group>";
		};
		4C00AC881AE85AF800A5AB49 /* Icon */ = {
			isa = PBXGroup;
			children = (
				4C43271E1AE85F8500500AD3 /* Status.png */,
				4C43271F1AE85F8500500AD3 /* Status@2x.png */,
			);
			name = Icon;
			sourceTree = "<group>";
		};
		4C00AC891AE85B2900A5AB49 /* Views */ = {
			isa = PBXGroup;
			children = (
				4C00AC6E1AE84F6B00A5AB49 /* Panel.h */,
				4C00AC6F1AE84F6B00A5AB49 /* Panel.m */,
				4C00AC731AE850C900A5AB49 /* BackgroundView.h */,
				4C00AC741AE850C900A5AB49 /* BackgroundView.m */,
				4C57B9DF1B12778E00C88775 /* StatusItemView.h */,
				4C57B9E01B12778E00C88775 /* StatusItemView.m */,
				4C086A401B1AC18300D4A168 /* TPPagingScrollView.h */,
				4C086A411B1AC18300D4A168 /* TPPagingScrollView.m */,
				4C086A3D1B1AB4DB00D4A168 /* TPConstraintView.h */,
				4C086A3E1B1AB4DB00D4A168 /* TPConstraintView.m */,
				4CFFE11F1B095DC7000EEAD4 /* TPFlippedView.h */,
				4CFFE1201B095DC7000EEAD4 /* TPFlippedView.m */,
				4CFFE12E1B0969E6000EEAD4 /* TPTextField.h */,
				4CFFE12F1B0969E6000EEAD4 /* TPTextField.m */,
				4CB876101B0D4123006BFDC8 /* TPKeyWindow.h */,
				4CB876111B0D4123006BFDC8 /* TPKeyWindow.m */,
			);
			name = Views;
			sourceTree = "<group>";
		};
		4C00AC8A1AE85B3900A5AB49 /* System */ = {
			isa = PBXGroup;
			children = (
				4C455D3F1AE84770002E9A96 /* AppDelegate.h */,
				4C455D401AE84770002E9A96 /* AppDelegate.m */,
				4C00AC5A1AE8484F00A5AB49 /* MenubarController.h */,
				4C00AC5B1AE8484F00A5AB49 /* MenubarController.m */,
				4C00AC5D1AE8484F00A5AB49 /* PanelController.h */,
				4C00AC5E1AE8484F00A5AB49 /* PanelController.m */,
			);
			name = System;
			sourceTree = "<group>";
		};
		4C00AC8B1AE85B4600A5AB49 /* Utility */ = {
			isa = PBXGroup;
			children = (
				4C00AC871AE85AB500A5AB49 /* NSFileManagerExtension.h */,
				4C5A4E641B0BF57900903162 /* DateFormats.h */,
				4CFB27E81AEC580900F9E28C /* TPColor.h */,
				4CFB27E91AEC580900F9E28C /* TPColor.m */,
				4CFB27EB1AEC5C7500F9E28C /* Extension.h */,
				4CFB27EC1AEC5C7500F9E28C /* Extension.m */,
			);
			name = Utility;
			sourceTree = "<group>";
		};
		4C455D311AE84770002E9A96 = {
			isa = PBXGroup;
			children = (
				4C455D441AE84770002E9A96 /* Images.xcassets */,
				4C455D3C1AE84770002E9A96 /* Telepathy */,
				4C00AC861AE858F300A5AB49 /* Frameworks */,
				4C455D3B1AE84770002E9A96 /* Products */,
				78BAFA2F2586CB7D0C9237C4 /* Pods */,
			);
			sourceTree = "<group>";
		};
		4C455D3B1AE84770002E9A96 /* Products */ = {
			isa = PBXGroup;
			children = (
				4C455D3A1AE84770002E9A96 /* Telepathy.app */,
				4C455D4D1AE84770002E9A96 /* TelepathyTests.xctest */,
			);
			name = Products;
			sourceTree = "<group>";
		};
		4C455D3C1AE84770002E9A96 /* Telepathy */ = {
			isa = PBXGroup;
			children = (
				4C00AC8A1AE85B3900A5AB49 /* System */,
				4CFB27E11AEC54D600F9E28C /* Modules */,
				4C00AC891AE85B2900A5AB49 /* Views */,
				4C00AC8B1AE85B4600A5AB49 /* Utility */,
				4CB876071B0D332C006BFDC8 /* Command Bar */,
				4CFB27F11AEC648B00F9E28C /* Model */,
				4C455D3D1AE84770002E9A96 /* Supporting Files */,
			);
			path = Telepathy;
			sourceTree = "<group>";
		};
		4C455D3D1AE84770002E9A96 /* Supporting Files */ = {
			isa = PBXGroup;
			children = (
				4C00AC881AE85AF800A5AB49 /* Icon */,
				4C00AC711AE84FB900A5AB49 /* MainMenu.xib */,
				4C00AC5C1AE8484F00A5AB49 /* Panel.xib */,
				4CB8760E1B0D3E11006BFDC8 /* CommandBar.xib */,
				4C455D3E1AE84770002E9A96 /* Info.plist */,
				4C455D421AE84770002E9A96 /* main.m */,
				4C00AC6D1AE84B1000A5AB49 /* PrefixHeader.pch */,
			);
			name = "Supporting Files";
			sourceTree = "<group>";
		};
		4CB876011B0D2DF5006BFDC8 /* DDHotKey */ = {
			isa = PBXGroup;
			children = (
				4CB875F81B0D2DE9006BFDC8 /* DDHotKeyCenter.h */,
				4CB875F91B0D2DE9006BFDC8 /* DDHotKeyCenter.m */,
				4CB875FA1B0D2DE9006BFDC8 /* DDHotKeyTextField.h */,
				4CB875FB1B0D2DE9006BFDC8 /* DDHotKeyTextField.m */,
				4CB875FC1B0D2DE9006BFDC8 /* DDHotKeyUtilities.h */,
				4CB875FD1B0D2DE9006BFDC8 /* DDHotKeyUtilities.m */,
			);
			name = DDHotKey;
			sourceTree = "<group>";
		};
		4CB876071B0D332C006BFDC8 /* Command Bar */ = {
			isa = PBXGroup;
			children = (
				4CB8760B1B0D35D0006BFDC8 /* CommandBarController.h */,
				4CB8760C1B0D35D0006BFDC8 /* CommandBarController.m */,
			);
			name = "Command Bar";
			sourceTree = "<group>";
		};
		4CFB27E11AEC54D600F9E28C /* Modules */ = {
			isa = PBXGroup;
			children = (
				4CFB27E21AEC559B00F9E28C /* ClockWidgetView.h */,
				4CFB27E31AEC559B00F9E28C /* ClockWidgetView.m */,
				4CFB27E51AEC55AD00F9E28C /* ClockWidgetController.h */,
				4CFB27E61AEC55AD00F9E28C /* ClockWidgetController.m */,
				4C5A4E651B0BF8B600903162 /* EmotionChartView.h */,
				4C5A4E661B0BF8B600903162 /* EmotionChartView.m */,
				4C5A4E681B0BF8C000903162 /* EmotionChartController.h */,
				4C5A4E691B0BF8C000903162 /* EmotionChartController.m */,
				4CFFE1131B093E38000EEAD4 /* BubbleScrollView.h */,
				4CFFE1141B093E38000EEAD4 /* BubbleScrollView.m */,
				4CFFE1251B0962A1000EEAD4 /* BubbleView.h */,
				4CFFE1261B0962A1000EEAD4 /* BubbleView.m */,
				4CFFE1191B0942E5000EEAD4 /* MessageBubbleView.h */,
				4CFFE11A1B0942E5000EEAD4 /* MessageBubbleView.m */,
				4CFFE1161B093E47000EEAD4 /* MessageController.h */,
				4CFFE1171B093E47000EEAD4 /* MessageController.m */,
				4CFFE1281B0962BF000EEAD4 /* EventBubbleView.h */,
				4CFFE1291B0962BF000EEAD4 /* EventBubbleView.m */,
				4CFFE12B1B0962D0000EEAD4 /* EventWidgetController.h */,
				4CFFE12C1B0962D0000EEAD4 /* EventWidgetController.m */,
				4C4044421AFFE3C400E4D34B /* AnniversaryView.h */,
				4C4044431AFFE3C400E4D34B /* AnniversaryView.m */,
				4C4044451AFFE3D500E4D34B /* AnniversaryController.h */,
				4C4044461AFFE3D500E4D34B /* AnniversaryController.m */,
			);
			name = Modules;
			sourceTree = "<group>";
		};
		4CFB27F11AEC648B00F9E28C /* Model */ = {
			isa = PBXGroup;
			children = (
				4CFB27EE1AEC648700F9E28C /* DataManager.h */,
				4CFB27EF1AEC648700F9E28C /* DataManager.m */,
			);
			name = Model;
			sourceTree = "<group>";
		};
		78BAFA2F2586CB7D0C9237C4 /* Pods */ = {
			isa = PBXGroup;
			children = (
				06E621B9A880204A75EB0A5F /* Pods.debug.xcconfig */,
				96F298646A1A3FA3773822E7 /* Pods.release.xcconfig */,
			);
			name = Pods;
			sourceTree = "<group>";
		};
/* End PBXGroup section */

/* Begin PBXNativeTarget section */
		4C455D391AE84770002E9A96 /* Telepathy */ = {
			isa = PBXNativeTarget;
			buildConfigurationList = 4C455D571AE84770002E9A96 /* Build configuration list for PBXNativeTarget "Telepathy" */;
			buildPhases = (
				3F2AECA3565EC97E2FB88140 /* Check Pods Manifest.lock */,
				4C455D361AE84770002E9A96 /* Sources */,
				4C455D371AE84770002E9A96 /* Frameworks */,
				4C455D381AE84770002E9A96 /* Resources */,
				4C7741A21AE8676A00DC180A /* CopyFiles */,
				C9448D3B91488E8F80A786C9 /* Copy Pods Resources */,
			);
			buildRules = (
			);
			dependencies = (
			);
			name = Telepathy;
			productName = Telepathy;
			productReference = 4C455D3A1AE84770002E9A96 /* Telepathy.app */;
			productType = "com.apple.product-type.application";
		};
		4C455D4C1AE84770002E9A96 /* TelepathyTests */ = {
			isa = PBXNativeTarget;
			buildConfigurationList = 4C455D5A1AE84770002E9A96 /* Build configuration list for PBXNativeTarget "TelepathyTests" */;
			buildPhases = (
				4C455D491AE84770002E9A96 /* Sources */,
				4C455D4A1AE84770002E9A96 /* Frameworks */,
				4C455D4B1AE84770002E9A96 /* Resources */,
			);
			buildRules = (
			);
			dependencies = (
				4C455D4F1AE84770002E9A96 /* PBXTargetDependency */,
			);
			name = TelepathyTests;
			productName = TelepathyTests;
			productReference = 4C455D4D1AE84770002E9A96 /* TelepathyTests.xctest */;
			productType = "com.apple.product-type.bundle.unit-test";
		};
/* End PBXNativeTarget section */

/* Begin PBXProject section */
		4C455D321AE84770002E9A96 /* Project object */ = {
			isa = PBXProject;
			attributes = {
				LastUpgradeCheck = 0630;
				ORGANIZATIONNAME = "Michael Hong";
				TargetAttributes = {
					4C455D391AE84770002E9A96 = {
						CreatedOnToolsVersion = 6.3.1;
						DevelopmentTeam = 6MT74LPLEY;
					};
					4C455D4C1AE84770002E9A96 = {
						CreatedOnToolsVersion = 6.3.1;
						TestTargetID = 4C455D391AE84770002E9A96;
					};
				};
			};
			buildConfigurationList = 4C455D351AE84770002E9A96 /* Build configuration list for PBXProject "Telepathy" */;
			compatibilityVersion = "Xcode 3.2";
			developmentRegion = English;
			hasScannedForEncodings = 0;
			knownRegions = (
				en,
				Base,
			);
			mainGroup = 4C455D311AE84770002E9A96;
			productRefGroup = 4C455D3B1AE84770002E9A96 /* Products */;
			projectDirPath = "";
			projectRoot = "";
			targets = (
				4C455D391AE84770002E9A96 /* Telepathy */,
				4C455D4C1AE84770002E9A96 /* TelepathyTests */,
			);
		};
/* End PBXProject section */

/* Begin PBXResourcesBuildPhase section */
		4C455D381AE84770002E9A96 /* Resources */ = {
			isa = PBXResourcesBuildPhase;
			buildActionMask = 2147483647;
			files = (
				4C00AC601AE8484F00A5AB49 /* Panel.xib in Resources */,
				4C4327231AE85F8500500AD3 /* Status@2x.png in Resources */,
				4CB8760F1B0D3E11006BFDC8 /* CommandBar.xib in Resources */,
				4C4327221AE85F8500500AD3 /* Status.png in Resources */,
				4C455D451AE84770002E9A96 /* Images.xcassets in Resources */,
				4C00AC721AE84FB900A5AB49 /* MainMenu.xib in Resources */,
			);
			runOnlyForDeploymentPostprocessing = 0;
		};
		4C455D4B1AE84770002E9A96 /* Resources */ = {
			isa = PBXResourcesBuildPhase;
			buildActionMask = 2147483647;
			files = (
			);
			runOnlyForDeploymentPostprocessing = 0;
		};
/* End PBXResourcesBuildPhase section */

/* Begin PBXShellScriptBuildPhase section */
		3F2AECA3565EC97E2FB88140 /* Check Pods Manifest.lock */ = {
			isa = PBXShellScriptBuildPhase;
			buildActionMask = 2147483647;
			files = (
			);
			inputPaths = (
			);
			name = "Check Pods Manifest.lock";
			outputPaths = (
			);
			runOnlyForDeploymentPostprocessing = 0;
			shellPath = /bin/sh;
			shellScript = "diff \"${PODS_ROOT}/../Podfile.lock\" \"${PODS_ROOT}/Manifest.lock\" > /dev/null\nif [[ $? != 0 ]] ; then\n    cat << EOM\nerror: The sandbox is not in sync with the Podfile.lock. Run 'pod install' or update your CocoaPods installation.\nEOM\n    exit 1\nfi\n";
			showEnvVarsInLog = 0;
		};
		C9448D3B91488E8F80A786C9 /* Copy Pods Resources */ = {
			isa = PBXShellScriptBuildPhase;
			buildActionMask = 2147483647;
			files = (
			);
			inputPaths = (
			);
			name = "Copy Pods Resources";
			outputPaths = (
			);
			runOnlyForDeploymentPostprocessing = 0;
			shellPath = /bin/sh;
			shellScript = "\"${SRCROOT}/Pods/Target Support Files/Pods/Pods-resources.sh\"\n";
			showEnvVarsInLog = 0;
		};
/* End PBXShellScriptBuildPhase section */

/* Begin PBXSourcesBuildPhase section */
		4C455D361AE84770002E9A96 /* Sources */ = {
			isa = PBXSourcesBuildPhase;
			buildActionMask = 2147483647;
			files = (
				4C00AC751AE850C900A5AB49 /* BackgroundView.m in Sources */,
				4CFB27F01AEC648700F9E28C /* DataManager.m in Sources */,
				4CFFE1271B0962A1000EEAD4 /* BubbleView.m in Sources */,
				4C57B9E11B12778E00C88775 /* StatusItemView.m in Sources */,
				4C4044471AFFE3D500E4D34B /* AnniversaryController.m in Sources */,
				4CFFE12D1B0962D0000EEAD4 /* EventWidgetController.m in Sources */,
				4CFB27ED1AEC5C7500F9E28C /* Extension.m in Sources */,
				4C086A421B1AC18300D4A168 /* TPPagingScrollView.m in Sources */,
				4CB876001B0D2DE9006BFDC8 /* DDHotKeyUtilities.m in Sources */,
				4CB875FE1B0D2DE9006BFDC8 /* DDHotKeyCenter.m in Sources */,
				4CFFE1301B0969E6000EEAD4 /* TPTextField.m in Sources */,
				4C086A3F1B1AB4DB00D4A168 /* TPConstraintView.m in Sources */,
				4CB8760D1B0D35D0006BFDC8 /* CommandBarController.m in Sources */,
				4CFFE1211B095DC7000EEAD4 /* TPFlippedView.m in Sources */,
				4C4044441AFFE3C400E4D34B /* AnniversaryView.m in Sources */,
				4CFB27EA1AEC580900F9E28C /* TPColor.m in Sources */,
				4CFFE1151B093E38000EEAD4 /* BubbleScrollView.m in Sources */,
				4CB875FF1B0D2DE9006BFDC8 /* DDHotKeyTextField.m in Sources */,
				4CFFE1181B093E47000EEAD4 /* MessageController.m in Sources */,
				4CFFE12A1B0962BF000EEAD4 /* EventBubbleView.m in Sources */,
				4C5A4E671B0BF8B600903162 /* EmotionChartView.m in Sources */,
				4C00AC701AE84F6B00A5AB49 /* Panel.m in Sources */,
				4CB876121B0D4123006BFDC8 /* TPKeyWindow.m in Sources */,
				4C00AC611AE8484F00A5AB49 /* PanelController.m in Sources */,
				4CFB27E71AEC55AD00F9E28C /* ClockWidgetController.m in Sources */,
				4C455D431AE84770002E9A96 /* main.m in Sources */,
				4C455D411AE84770002E9A96 /* AppDelegate.m in Sources */,
				4C5A4E6A1B0BF8C000903162 /* EmotionChartController.m in Sources */,
				4CFFE11B1B0942E5000EEAD4 /* MessageBubbleView.m in Sources */,
				4C00AC5F1AE8484F00A5AB49 /* MenubarController.m in Sources */,
				4CFB27E41AEC559B00F9E28C /* ClockWidgetView.m in Sources */,
			);
			runOnlyForDeploymentPostprocessing = 0;
		};
		4C455D491AE84770002E9A96 /* Sources */ = {
			isa = PBXSourcesBuildPhase;
			buildActionMask = 2147483647;
			files = (
			);
			runOnlyForDeploymentPostprocessing = 0;
		};
/* End PBXSourcesBuildPhase section */

/* Begin PBXTargetDependency section */
		4C455D4F1AE84770002E9A96 /* PBXTargetDependency */ = {
			isa = PBXTargetDependency;
			target = 4C455D391AE84770002E9A96 /* Telepathy */;
			targetProxy = 4C455D4E1AE84770002E9A96 /* PBXContainerItemProxy */;
		};
/* End PBXTargetDependency section */

/* Begin XCBuildConfiguration section */
		4C455D551AE84770002E9A96 /* Debug */ = {
			isa = XCBuildConfiguration;
			buildSettings = {
				ALWAYS_SEARCH_USER_PATHS = NO;
				CLANG_CXX_LANGUAGE_STANDARD = "gnu++0x";
				CLANG_CXX_LIBRARY = "libc++";
				CLANG_ENABLE_MODULES = YES;
				CLANG_ENABLE_OBJC_ARC = YES;
				CLANG_WARN_BOOL_CONVERSION = YES;
				CLANG_WARN_CONSTANT_CONVERSION = YES;
				CLANG_WARN_DIRECT_OBJC_ISA_USAGE = YES_ERROR;
				CLANG_WARN_EMPTY_BODY = YES;
				CLANG_WARN_ENUM_CONVERSION = YES;
				CLANG_WARN_INT_CONVERSION = YES;
				CLANG_WARN_OBJC_ROOT_CLASS = YES_ERROR;
				CLANG_WARN_UNREACHABLE_CODE = YES;
				CLANG_WARN__DUPLICATE_METHOD_MATCH = YES;
				CODE_SIGN_IDENTITY = "-";
				COPY_PHASE_STRIP = NO;
				DEBUG_INFORMATION_FORMAT = dwarf;
				ENABLE_STRICT_OBJC_MSGSEND = YES;
				GCC_C_LANGUAGE_STANDARD = gnu99;
				GCC_DYNAMIC_NO_PIC = NO;
				GCC_NO_COMMON_BLOCKS = YES;
				GCC_OPTIMIZATION_LEVEL = 0;
				GCC_PREPROCESSOR_DEFINITIONS = (
					"DEBUG=1",
					"$(inherited)",
				);
				GCC_SYMBOLS_PRIVATE_EXTERN = NO;
				GCC_WARN_64_TO_32_BIT_CONVERSION = YES;
				GCC_WARN_ABOUT_RETURN_TYPE = YES_ERROR;
				GCC_WARN_UNDECLARED_SELECTOR = YES;
				GCC_WARN_UNINITIALIZED_AUTOS = YES_AGGRESSIVE;
				GCC_WARN_UNUSED_FUNCTION = YES;
				GCC_WARN_UNUSED_VARIABLE = YES;
				MACOSX_DEPLOYMENT_TARGET = 10.10;
				MTL_ENABLE_DEBUG_INFO = YES;
				ONLY_ACTIVE_ARCH = YES;
				SDKROOT = macosx;
			};
			name = Debug;
		};
		4C455D561AE84770002E9A96 /* Release */ = {
			isa = XCBuildConfiguration;
			buildSettings = {
				ALWAYS_SEARCH_USER_PATHS = NO;
				CLANG_CXX_LANGUAGE_STANDARD = "gnu++0x";
				CLANG_CXX_LIBRARY = "libc++";
				CLANG_ENABLE_MODULES = YES;
				CLANG_ENABLE_OBJC_ARC = YES;
				CLANG_WARN_BOOL_CONVERSION = YES;
				CLANG_WARN_CONSTANT_CONVERSION = YES;
				CLANG_WARN_DIRECT_OBJC_ISA_USAGE = YES_ERROR;
				CLANG_WARN_EMPTY_BODY = YES;
				CLANG_WARN_ENUM_CONVERSION = YES;
				CLANG_WARN_INT_CONVERSION = YES;
				CLANG_WARN_OBJC_ROOT_CLASS = YES_ERROR;
				CLANG_WARN_UNREACHABLE_CODE = YES;
				CLANG_WARN__DUPLICATE_METHOD_MATCH = YES;
				CODE_SIGN_IDENTITY = "-";
				COPY_PHASE_STRIP = NO;
				DEBUG_INFORMATION_FORMAT = "dwarf-with-dsym";
				ENABLE_NS_ASSERTIONS = NO;
				ENABLE_STRICT_OBJC_MSGSEND = YES;
				GCC_C_LANGUAGE_STANDARD = gnu99;
				GCC_NO_COMMON_BLOCKS = YES;
				GCC_WARN_64_TO_32_BIT_CONVERSION = YES;
				GCC_WARN_ABOUT_RETURN_TYPE = YES_ERROR;
				GCC_WARN_UNDECLARED_SELECTOR = YES;
				GCC_WARN_UNINITIALIZED_AUTOS = YES_AGGRESSIVE;
				GCC_WARN_UNUSED_FUNCTION = YES;
				GCC_WARN_UNUSED_VARIABLE = YES;
				MACOSX_DEPLOYMENT_TARGET = 10.10;
				MTL_ENABLE_DEBUG_INFO = NO;
				SDKROOT = macosx;
			};
			name = Release;
		};
		4C455D581AE84770002E9A96 /* Debug */ = {
			isa = XCBuildConfiguration;
			baseConfigurationReference = 06E621B9A880204A75EB0A5F /* Pods.debug.xcconfig */;
			buildSettings = {
				ASSETCATALOG_COMPILER_APPICON_NAME = AppIcon;
				COMBINE_HIDPI_IMAGES = YES;
				FRAMEWORK_SEARCH_PATHS = (
					"$(inherited)",
					"$(PROJECT_DIR)/parse-osx-library",
				);
				GCC_PREFIX_HEADER = Telepathy/PrefixHeader.pch;
				INFOPLIST_FILE = Telepathy/Info.plist;
				LD_RUNPATH_SEARCH_PATHS = "$(inherited) @executable_path/../Frameworks";
				PRODUCT_NAME = "$(TARGET_NAME)";
			};
			name = Debug;
		};
		4C455D591AE84770002E9A96 /* Release */ = {
			isa = XCBuildConfiguration;
			baseConfigurationReference = 96F298646A1A3FA3773822E7 /* Pods.release.xcconfig */;
			buildSettings = {
				ASSETCATALOG_COMPILER_APPICON_NAME = AppIcon;
				COMBINE_HIDPI_IMAGES = YES;
				FRAMEWORK_SEARCH_PATHS = (
					"$(inherited)",
					"$(PROJECT_DIR)/parse-osx-library",
				);
				GCC_PREFIX_HEADER = Telepathy/PrefixHeader.pch;
				INFOPLIST_FILE = Telepathy/Info.plist;
				LD_RUNPATH_SEARCH_PATHS = "$(inherited) @executable_path/../Frameworks";
				PRODUCT_NAME = "$(TARGET_NAME)";
			};
			name = Release;
		};
		4C455D5B1AE84770002E9A96 /* Debug */ = {
			isa = XCBuildConfiguration;
			buildSettings = {
				BUNDLE_LOADER = "$(TEST_HOST)";
				COMBINE_HIDPI_IMAGES = YES;
				FRAMEWORK_SEARCH_PATHS = (
					"$(DEVELOPER_FRAMEWORKS_DIR)",
					"$(inherited)",
				);
				GCC_PREPROCESSOR_DEFINITIONS = (
					"DEBUG=1",
					"$(inherited)",
				);
				INFOPLIST_FILE = TelepathyTests/Info.plist;
				LD_RUNPATH_SEARCH_PATHS = "$(inherited) @executable_path/../Frameworks @loader_path/../Frameworks";
				PRODUCT_NAME = "$(TARGET_NAME)";
				TEST_HOST = "$(BUILT_PRODUCTS_DIR)/Telepathy.app/Contents/MacOS/Telepathy";
			};
			name = Debug;
		};
		4C455D5C1AE84770002E9A96 /* Release */ = {
			isa = XCBuildConfiguration;
			buildSettings = {
				BUNDLE_LOADER = "$(TEST_HOST)";
				COMBINE_HIDPI_IMAGES = YES;
				FRAMEWORK_SEARCH_PATHS = (
					"$(DEVELOPER_FRAMEWORKS_DIR)",
					"$(inherited)",
				);
				INFOPLIST_FILE = TelepathyTests/Info.plist;
				LD_RUNPATH_SEARCH_PATHS = "$(inherited) @executable_path/../Frameworks @loader_path/../Frameworks";
				PRODUCT_NAME = "$(TARGET_NAME)";
				TEST_HOST = "$(BUILT_PRODUCTS_DIR)/Telepathy.app/Contents/MacOS/Telepathy";
			};
			name = Release;
		};
/* End XCBuildConfiguration section */

/* Begin XCConfigurationList section */
		4C455D351AE84770002E9A96 /* Build configuration list for PBXProject "Telepathy" */ = {
			isa = XCConfigurationList;
			buildConfigurations = (
				4C455D551AE84770002E9A96 /* Debug */,
				4C455D561AE84770002E9A96 /* Release */,
			);
			defaultConfigurationIsVisible = 0;
			defaultConfigurationName = Release;
		};
		4C455D571AE84770002E9A96 /* Build configuration list for PBXNativeTarget "Telepathy" */ = {
			isa = XCConfigurationList;
			buildConfigurations = (
				4C455D581AE84770002E9A96 /* Debug */,
				4C455D591AE84770002E9A96 /* Release */,
			);
			defaultConfigurationIsVisible = 0;
			defaultConfigurationName = Release;
		};
		4C455D5A1AE84770002E9A96 /* Build configuration list for PBXNativeTarget "TelepathyTests" */ = {
			isa = XCConfigurationList;
			buildConfigurations = (
				4C455D5B1AE84770002E9A96 /* Debug */,
				4C455D5C1AE84770002E9A96 /* Release */,
			);
			defaultConfigurationIsVisible = 0;
			defaultConfigurationName = Release;
		};
/* End XCConfigurationList section */
	};
	rootObject = 4C455D321AE84770002E9A96 /* Project object */;
}
